
Microsoft Visual Studio Solution File, Format Version 12.00
# Visual Studio Version 17
VisualStudioVersion = 17.8.34309.116
MinimumVisualStudioVersion = 10.0.40219.1
Project("{FAE04EC0-301F-11D3-BF4B-00C04F79EFBC}") = "Ishani", "Ishani.csproj", "{89E6C269-2A49-48B8-AD20-CBF6684423B3}"
EndProject
Global
	GlobalSection(SolutionConfigurationPlatforms) = preSolution
		Debug|Any CPU = Debug|Any CPU
		Release|Any CPU = Release|Any CPU
	EndGlobalSection
	GlobalSection(ProjectConfigurationPlatforms) = postSolution
		{89E6C269-2A49-48B8-AD20-CBF6684423B3}.Debug|Any CPU.ActiveCfg = Debug|Any CPU
		{89E6C269-2A49-48B8-AD20-CBF6684423B3}.Debug|Any CPU.Build.0 = Debug|Any CPU
		{89E6C269-2A49-48B8-AD20-CBF6684423B3}.Release|Any CPU.ActiveCfg = Release|Any CPU
		{89E6C269-2A49-48B8-AD20-CBF6684423B3}.Release|Any CPU.Build.0 = Release|Any CPU
	EndGlobalSection
	GlobalSection(SolutionProperties) = preSolution
		HideSolutionNode = FALSE
	EndGlobalSection
	GlobalSection(ExtensibilityGlobals) = postSolution
		SolutionGuid = {7033A7E5-0B50-420C-95C2-5114CEE88D97}
	EndGlobalSection
EndGlobal
